
Microsoft Visual Studio Solution File, Format Version 12.00
# Visual Studio Version 17
VisualStudioVersion = 17.7.34018.315
MinimumVisualStudioVersion = 10.0.40219.1
Project("{2150E333-8FDC-42A3-9474-1A3956D46DE8}") = "Services", "Services", "{04311128-9B2E-4A73-B85A-527FD6300632}"
EndProject
Project("{2150E333-8FDC-42A3-9474-1A3956D46DE8}") = "WebApps", "WebApps", "{3FC15667-3C5F-4535-8C34-5B7090EE2385}"
EndProject
Project("{2150E333-8FDC-42A3-9474-1A3956D46DE8}") = "Cadastro", "Cadastro", "{58190AAA-9348-4CE7-B080-95993015CCB1}"
EndProject
Project("{2150E333-8FDC-42A3-9474-1A3956D46DE8}") = "Catalogo", "Catalogo", "{CFBB8AA4-01FC-4303-9634-421844F794E2}"
EndProject
Project("{2150E333-8FDC-42A3-9474-1A3956D46DE8}") = "Core", "Core", "{A4B745B0-A903-4350-9033-96CCC5A33F10}"
EndProject
Project("{2150E333-8FDC-42A3-9474-1A3956D46DE8}") = "Fiscal", "Fiscal", "{FFCE468F-5E40-4680-9349-39D5E832B7FB}"
EndProject
Project("{2150E333-8FDC-42A3-9474-1A3956D46DE8}") = "Pagamentos", "Pagamentos", "{AC103DB8-D4E9-47EE-9512-A35E33842495}"
EndProject
Project("{2150E333-8FDC-42A3-9474-1A3956D46DE8}") = "Vendas", "Vendas", "{216DE27F-774C-4A25-AB17-0C27A92A1DAD}"
EndProject
Project("{9A19103F-16F7-4668-BE54-9A1E7A4F7556}") = "NerdStore.Catalogo.Domain", "src\NerdStore.Catalogo.Domain\NerdStore.Catalogo.Domain.csproj", "{7FF3D7CD-2BE7-4526-AC48-2FC4E01ABDC8}"
EndProject
Project("{9A19103F-16F7-4668-BE54-9A1E7A4F7556}") = "NerdStore.Core", "src\NerdStore.Core\NerdStore.Core.csproj", "{27B718CE-35D6-4F24-A33A-D5091F89C7CC}"
EndProject
Project("{2150E333-8FDC-42A3-9474-1A3956D46DE8}") = "Tests", "Tests", "{670A7DE9-D962-446D-BA27-C04E6CC15A32}"
EndProject
Project("{9A19103F-16F7-4668-BE54-9A1E7A4F7556}") = "NerdStore.Catalogo.Application", "src\NerdStore.Catalogo.Application\NerdStore.Catalogo.Application.csproj", "{F21FB540-6C7A-4649-8824-CFE0C64CA8EF}"
EndProject
Project("{9A19103F-16F7-4668-BE54-9A1E7A4F7556}") = "NerdStore.Catalogo.Data", "src\NerdStore.Catalogo.Data\NerdStore.Catalogo.Data.csproj", "{42B646DF-5D89-4239-93A2-FCBC848D3C20}"
EndProject
Project("{9A19103F-16F7-4668-BE54-9A1E7A4F7556}") = "NerdStore.Catalogo.Domain.Tests", "tests\NerdStore.Catalogo.Domain.Tests\NerdStore.Catalogo.Domain.Tests.csproj", "{431ABFEC-4F42-466B-95E9-7BA37B8B402E}"
EndProject
Project("{FAE04EC0-301F-11D3-BF4B-00C04F79EFBC}") = "NerdStore.WebApp.MVC", "src\NerdStore.WebApp.MVC\NerdStore.WebApp.MVC.csproj", "{EE465F9E-43AB-4C1C-860E-F2054CD161EC}"
EndProject
Global
	GlobalSection(SolutionConfigurationPlatforms) = preSolution
		Debug|Any CPU = Debug|Any CPU
		Release|Any CPU = Release|Any CPU
	EndGlobalSection
	GlobalSection(ProjectConfigurationPlatforms) = postSolution
		{7FF3D7CD-2BE7-4526-AC48-2FC4E01ABDC8}.Debug|Any CPU.ActiveCfg = Debug|Any CPU
		{7FF3D7CD-2BE7-4526-AC48-2FC4E01ABDC8}.Debug|Any CPU.Build.0 = Debug|Any CPU
		{7FF3D7CD-2BE7-4526-AC48-2FC4E01ABDC8}.Release|Any CPU.ActiveCfg = Release|Any CPU
		{7FF3D7CD-2BE7-4526-AC48-2FC4E01ABDC8}.Release|Any CPU.Build.0 = Release|Any CPU
		{27B718CE-35D6-4F24-A33A-D5091F89C7CC}.Debug|Any CPU.ActiveCfg = Debug|Any CPU
		{27B718CE-35D6-4F24-A33A-D5091F89C7CC}.Debug|Any CPU.Build.0 = Debug|Any CPU
		{27B718CE-35D6-4F24-A33A-D5091F89C7CC}.Release|Any CPU.ActiveCfg = Release|Any CPU
		{27B718CE-35D6-4F24-A33A-D5091F89C7CC}.Release|Any CPU.Build.0 = Release|Any CPU
		{F21FB540-6C7A-4649-8824-CFE0C64CA8EF}.Debug|Any CPU.ActiveCfg = Debug|Any CPU
		{F21FB540-6C7A-4649-8824-CFE0C64CA8EF}.Debug|Any CPU.Build.0 = Debug|Any CPU
		{F21FB540-6C7A-4649-8824-CFE0C64CA8EF}.Release|Any CPU.ActiveCfg = Release|Any CPU
		{F21FB540-6C7A-4649-8824-CFE0C64CA8EF}.Release|Any CPU.Build.0 = Release|Any CPU
		{42B646DF-5D89-4239-93A2-FCBC848D3C20}.Debug|Any CPU.ActiveCfg = Debug|Any CPU
		{42B646DF-5D89-4239-93A2-FCBC848D3C20}.Debug|Any CPU.Build.0 = Debug|Any CPU
		{42B646DF-5D89-4239-93A2-FCBC848D3C20}.Release|Any CPU.ActiveCfg = Release|Any CPU
		{42B646DF-5D89-4239-93A2-FCBC848D3C20}.Release|Any CPU.Build.0 = Release|Any CPU
		{431ABFEC-4F42-466B-95E9-7BA37B8B402E}.Debug|Any CPU.ActiveCfg = Debug|Any CPU
		{431ABFEC-4F42-466B-95E9-7BA37B8B402E}.Debug|Any CPU.Build.0 = Debug|Any CPU
		{431ABFEC-4F42-466B-95E9-7BA37B8B402E}.Release|Any CPU.ActiveCfg = Release|Any CPU
		{431ABFEC-4F42-466B-95E9-7BA37B8B402E}.Release|Any CPU.Build.0 = Release|Any CPU
		{EE465F9E-43AB-4C1C-860E-F2054CD161EC}.Debug|Any CPU.ActiveCfg = Debug|Any CPU
		{EE465F9E-43AB-4C1C-860E-F2054CD161EC}.Debug|Any CPU.Build.0 = Debug|Any CPU
		{EE465F9E-43AB-4C1C-860E-F2054CD161EC}.Release|Any CPU.ActiveCfg = Release|Any CPU
		{EE465F9E-43AB-4C1C-860E-F2054CD161EC}.Release|Any CPU.Build.0 = Release|Any CPU
	EndGlobalSection
	GlobalSection(SolutionProperties) = preSolution
		HideSolutionNode = FALSE
	EndGlobalSection
	GlobalSection(NestedProjects) = preSolution
		{58190AAA-9348-4CE7-B080-95993015CCB1} = {04311128-9B2E-4A73-B85A-527FD6300632}
		{CFBB8AA4-01FC-4303-9634-421844F794E2} = {04311128-9B2E-4A73-B85A-527FD6300632}
		{A4B745B0-A903-4350-9033-96CCC5A33F10} = {04311128-9B2E-4A73-B85A-527FD6300632}
		{FFCE468F-5E40-4680-9349-39D5E832B7FB} = {04311128-9B2E-4A73-B85A-527FD6300632}
		{AC103DB8-D4E9-47EE-9512-A35E33842495} = {04311128-9B2E-4A73-B85A-527FD6300632}
		{216DE27F-774C-4A25-AB17-0C27A92A1DAD} = {04311128-9B2E-4A73-B85A-527FD6300632}
		{7FF3D7CD-2BE7-4526-AC48-2FC4E01ABDC8} = {CFBB8AA4-01FC-4303-9634-421844F794E2}
		{27B718CE-35D6-4F24-A33A-D5091F89C7CC} = {A4B745B0-A903-4350-9033-96CCC5A33F10}
		{670A7DE9-D962-446D-BA27-C04E6CC15A32} = {CFBB8AA4-01FC-4303-9634-421844F794E2}
		{F21FB540-6C7A-4649-8824-CFE0C64CA8EF} = {CFBB8AA4-01FC-4303-9634-421844F794E2}
		{42B646DF-5D89-4239-93A2-FCBC848D3C20} = {CFBB8AA4-01FC-4303-9634-421844F794E2}
		{431ABFEC-4F42-466B-95E9-7BA37B8B402E} = {670A7DE9-D962-446D-BA27-C04E6CC15A32}
		{EE465F9E-43AB-4C1C-860E-F2054CD161EC} = {3FC15667-3C5F-4535-8C34-5B7090EE2385}
	EndGlobalSection
	GlobalSection(ExtensibilityGlobals) = postSolution
		SolutionGuid = {E8F42CB2-5A5F-46B4-A1D1-623BF81E4A78}
	EndGlobalSection
EndGlobal
